// !$*UTF8*$!
{
	archiveVersion = 1;
	classes = {
	};
	objectVersion = 50;
	objects = {

/* Begin PBXBuildFile section */
		4102C79C21E636F900441767 /* Attendee.swift in Sources */ = {isa = PBXBuildFile; fileRef = 4102C79B21E636F900441767 /* Attendee.swift */; };
		4102C7A021E6633500441767 /* PlayerMediaView.swift in Sources */ = {isa = PBXBuildFile; fileRef = 4102C79F21E6633500441767 /* PlayerMediaView.swift */; };
		4102C7A221E6758800441767 /* Resource.swift in Sources */ = {isa = PBXBuildFile; fileRef = 4102C7A121E6758800441767 /* Resource.swift */; };
		4102C7A421E7625E00441767 /* QueueItemCell.swift in Sources */ = {isa = PBXBuildFile; fileRef = 4102C7A321E7625E00441767 /* QueueItemCell.swift */; };
		411CDC0E21DD0C03001D64BD /* AppDelegate.swift in Sources */ = {isa = PBXBuildFile; fileRef = 411CDC0D21DD0C03001D64BD /* AppDelegate.swift */; };
		411CDC1021DD0C03001D64BD /* PlayerController.swift in Sources */ = {isa = PBXBuildFile; fileRef = 411CDC0F21DD0C03001D64BD /* PlayerController.swift */; };
		411CDC1521DD0C05001D64BD /* Assets.xcassets in Resources */ = {isa = PBXBuildFile; fileRef = 411CDC1421DD0C05001D64BD /* Assets.xcassets */; };
		411CDC1821DD0C05001D64BD /* LaunchScreen.storyboard in Resources */ = {isa = PBXBuildFile; fileRef = 411CDC1621DD0C05001D64BD /* LaunchScreen.storyboard */; };
		411CDC2E21DD0C05001D64BD /* turntableUITests.swift in Sources */ = {isa = PBXBuildFile; fileRef = 411CDC2D21DD0C05001D64BD /* turntableUITests.swift */; };
		4123693E220DF59C0015A733 /* DummyDataSearch.swift in Sources */ = {isa = PBXBuildFile; fileRef = 4123693D220DF59C0015A733 /* DummyDataSearch.swift */; };
		41236940220E36B40015A733 /* SessionQueue.swift in Sources */ = {isa = PBXBuildFile; fileRef = 4123693F220E36B40015A733 /* SessionQueue.swift */; };
		41240E7B21E7FF080017DA6C /* QueueItem.swift in Sources */ = {isa = PBXBuildFile; fileRef = 41240E7A21E7FF080017DA6C /* QueueItem.swift */; };
		41240E7F21E8EF150017DA6C /* SearchBarView.swift in Sources */ = {isa = PBXBuildFile; fileRef = 41240E7E21E8EF150017DA6C /* SearchBarView.swift */; };
		41240E8121EA22A00017DA6C /* SectionHeaderFooterCell.swift in Sources */ = {isa = PBXBuildFile; fileRef = 41240E8021EA22A00017DA6C /* SectionHeaderFooterCell.swift */; };
		41240E8D21EA2FA00017DA6C /* Poppins-Bold.ttf in Resources */ = {isa = PBXBuildFile; fileRef = 41240E8C21EA29C80017DA6C /* Poppins-Bold.ttf */; };
		41240E8E21EA2FA40017DA6C /* Poppins-Regular.ttf in Resources */ = {isa = PBXBuildFile; fileRef = 41240E8B21EA29C70017DA6C /* Poppins-Regular.ttf */; };
		4125AEB021FFA3AF0038B7B4 /* HostSessionSetupController.swift in Sources */ = {isa = PBXBuildFile; fileRef = 4125AEAF21FFA3AF0038B7B4 /* HostSessionSetupController.swift */; };
		4125AEB221FFB79C0038B7B4 /* RootViewController.swift in Sources */ = {isa = PBXBuildFile; fileRef = 4125AEB121FFB79C0038B7B4 /* RootViewController.swift */; };
		4125AEB421FFB9170038B7B4 /* SplashViewController.swift in Sources */ = {isa = PBXBuildFile; fileRef = 4125AEB321FFB9170038B7B4 /* SplashViewController.swift */; };
		4125AEB621FFC2290038B7B4 /* HomeView.swift in Sources */ = {isa = PBXBuildFile; fileRef = 4125AEB521FFC2290038B7B4 /* HomeView.swift */; };
		4132725321EE4A2200B2E88D /* HomeController.swift in Sources */ = {isa = PBXBuildFile; fileRef = 4132725221EE4A2200B2E88D /* HomeController.swift */; };
		4132725521EE7C3A00B2E88D /* HostJoinSessionController.swift in Sources */ = {isa = PBXBuildFile; fileRef = 4132725421EE7C3A00B2E88D /* HostJoinSessionController.swift */; };
		4132725721EE89F700B2E88D /* ReusableComponents.swift in Sources */ = {isa = PBXBuildFile; fileRef = 4132725621EE89F700B2E88D /* ReusableComponents.swift */; };
		4132725921EE8E3800B2E88D /* BaseView.swift in Sources */ = {isa = PBXBuildFile; fileRef = 4132725821EE8E3800B2E88D /* BaseView.swift */; };
		4132725B21EE931A00B2E88D /* SessionSetupView.swift in Sources */ = {isa = PBXBuildFile; fileRef = 4132725A21EE931A00B2E88D /* SessionSetupView.swift */; };
		4138A78921EA4AA300961448 /* PlayerData.swift in Sources */ = {isa = PBXBuildFile; fileRef = 4138A78821EA4AA300961448 /* PlayerData.swift */; };
		413E14F7221221AF00D2947B /* SearchResultCell.swift in Sources */ = {isa = PBXBuildFile; fileRef = 413E14F6221221AF00D2947B /* SearchResultCell.swift */; };
		417306012204A11000F3E45E /* Session.swift in Sources */ = {isa = PBXBuildFile; fileRef = 417306002204A11000F3E45E /* Session.swift */; };
		418F0A9D220375BC00A5AB71 /* ShareSessionController.swift in Sources */ = {isa = PBXBuildFile; fileRef = 418F0A9C220375BC00A5AB71 /* ShareSessionController.swift */; };
		41942C7221E4045D00F7F136 /* TurntableTabBarController.swift in Sources */ = {isa = PBXBuildFile; fileRef = 41942C7121E4045D00F7F136 /* TurntableTabBarController.swift */; };
		41942C7421E404AC00F7F136 /* SearchController.swift in Sources */ = {isa = PBXBuildFile; fileRef = 41942C7321E404AC00F7F136 /* SearchController.swift */; };
		41942C7621E404D100F7F136 /* SettingsController.swift in Sources */ = {isa = PBXBuildFile; fileRef = 41942C7521E404D100F7F136 /* SettingsController.swift */; };
		41CE495E21EFC20200D6014A /* GoogleService-Info.plist in Resources */ = {isa = PBXBuildFile; fileRef = 41CE495D21EFC20200D6014A /* GoogleService-Info.plist */; };
		41FDE61121E540C9009BA399 /* Extensions.swift in Sources */ = {isa = PBXBuildFile; fileRef = 41FDE61021E540C9009BA399 /* Extensions.swift */; };
		76E82582EDE4C85519728DFD /* Pods_turntable.framework in Frameworks */ = {isa = PBXBuildFile; fileRef = 42676FEEF76E7EBD1AE13029 /* Pods_turntable.framework */; };
		91713C83F1F593533AD741B3 /* Pods_turntableUITests.framework in Frameworks */ = {isa = PBXBuildFile; fileRef = 34DE7D881FA360A520779AE7 /* Pods_turntableUITests.framework */; };
		A8AA7532EA64A51767C1D8A7 /* Pods_turntableTests.framework in Frameworks */ = {isa = PBXBuildFile; fileRef = 538D09C4F62B8A50B69F9D31 /* Pods_turntableTests.framework */; };
/* End PBXBuildFile section */

/* Begin PBXContainerItemProxy section */
		411CDC1F21DD0C05001D64BD /* PBXContainerItemProxy */ = {
			isa = PBXContainerItemProxy;
			containerPortal = 411CDC0221DD0C03001D64BD /* Project object */;
			proxyType = 1;
			remoteGlobalIDString = 411CDC0921DD0C03001D64BD;
			remoteInfo = turntable;
		};
		411CDC2A21DD0C05001D64BD /* PBXContainerItemProxy */ = {
			isa = PBXContainerItemProxy;
			containerPortal = 411CDC0221DD0C03001D64BD /* Project object */;
			proxyType = 1;
			remoteGlobalIDString = 411CDC0921DD0C03001D64BD;
			remoteInfo = turntable;
		};
/* End PBXContainerItemProxy section */

/* Begin PBXFileReference section */
		34DE7D881FA360A520779AE7 /* Pods_turntableUITests.framework */ = {isa = PBXFileReference; explicitFileType = wrapper.framework; includeInIndex = 0; path = Pods_turntableUITests.framework; sourceTree = BUILT_PRODUCTS_DIR; };
		4102C79B21E636F900441767 /* Attendee.swift */ = {isa = PBXFileReference; lastKnownFileType = sourcecode.swift; path = Attendee.swift; sourceTree = "<group>"; };
		4102C79F21E6633500441767 /* PlayerMediaView.swift */ = {isa = PBXFileReference; lastKnownFileType = sourcecode.swift; path = PlayerMediaView.swift; sourceTree = "<group>"; };
		4102C7A121E6758800441767 /* Resource.swift */ = {isa = PBXFileReference; lastKnownFileType = sourcecode.swift; path = Resource.swift; sourceTree = "<group>"; };
		4102C7A321E7625E00441767 /* QueueItemCell.swift */ = {isa = PBXFileReference; lastKnownFileType = sourcecode.swift; path = QueueItemCell.swift; sourceTree = "<group>"; };
		411CDC0A21DD0C03001D64BD /* turntable.app */ = {isa = PBXFileReference; explicitFileType = wrapper.application; includeInIndex = 0; path = turntable.app; sourceTree = BUILT_PRODUCTS_DIR; };
		411CDC0D21DD0C03001D64BD /* AppDelegate.swift */ = {isa = PBXFileReference; lastKnownFileType = sourcecode.swift; path = AppDelegate.swift; sourceTree = "<group>"; };
		411CDC0F21DD0C03001D64BD /* PlayerController.swift */ = {isa = PBXFileReference; lastKnownFileType = sourcecode.swift; path = PlayerController.swift; sourceTree = "<group>"; };
		411CDC1421DD0C05001D64BD /* Assets.xcassets */ = {isa = PBXFileReference; lastKnownFileType = folder.assetcatalog; path = Assets.xcassets; sourceTree = "<group>"; };
		411CDC1721DD0C05001D64BD /* Base */ = {isa = PBXFileReference; lastKnownFileType = file.storyboard; name = Base; path = Base.lproj/LaunchScreen.storyboard; sourceTree = "<group>"; };
		411CDC1921DD0C05001D64BD /* Info.plist */ = {isa = PBXFileReference; lastKnownFileType = text.plist.xml; path = Info.plist; sourceTree = "<group>"; };
		411CDC1E21DD0C05001D64BD /* turntableTests.xctest */ = {isa = PBXFileReference; explicitFileType = wrapper.cfbundle; includeInIndex = 0; path = turntableTests.xctest; sourceTree = BUILT_PRODUCTS_DIR; };
		411CDC2921DD0C05001D64BD /* turntableUITests.xctest */ = {isa = PBXFileReference; explicitFileType = wrapper.cfbundle; includeInIndex = 0; path = turntableUITests.xctest; sourceTree = BUILT_PRODUCTS_DIR; };
		411CDC2D21DD0C05001D64BD /* turntableUITests.swift */ = {isa = PBXFileReference; lastKnownFileType = sourcecode.swift; path = turntableUITests.swift; sourceTree = "<group>"; };
		411CDC2F21DD0C05001D64BD /* Info.plist */ = {isa = PBXFileReference; lastKnownFileType = text.plist.xml; path = Info.plist; sourceTree = "<group>"; };
		4123693D220DF59C0015A733 /* DummyDataSearch.swift */ = {isa = PBXFileReference; lastKnownFileType = sourcecode.swift; path = DummyDataSearch.swift; sourceTree = "<group>"; };
		4123693F220E36B40015A733 /* SessionQueue.swift */ = {isa = PBXFileReference; lastKnownFileType = sourcecode.swift; path = SessionQueue.swift; sourceTree = "<group>"; };
		41240E7A21E7FF080017DA6C /* QueueItem.swift */ = {isa = PBXFileReference; lastKnownFileType = sourcecode.swift; path = QueueItem.swift; sourceTree = "<group>"; };
		41240E7E21E8EF150017DA6C /* SearchBarView.swift */ = {isa = PBXFileReference; lastKnownFileType = sourcecode.swift; path = SearchBarView.swift; sourceTree = "<group>"; };
		41240E8021EA22A00017DA6C /* SectionHeaderFooterCell.swift */ = {isa = PBXFileReference; lastKnownFileType = sourcecode.swift; path = SectionHeaderFooterCell.swift; sourceTree = "<group>"; };
		41240E8B21EA29C70017DA6C /* Poppins-Regular.ttf */ = {isa = PBXFileReference; lastKnownFileType = file; path = "Poppins-Regular.ttf"; sourceTree = "<group>"; };
		41240E8C21EA29C80017DA6C /* Poppins-Bold.ttf */ = {isa = PBXFileReference; lastKnownFileType = file; path = "Poppins-Bold.ttf"; sourceTree = "<group>"; };
		4125AEAF21FFA3AF0038B7B4 /* HostSessionSetupController.swift */ = {isa = PBXFileReference; lastKnownFileType = sourcecode.swift; path = HostSessionSetupController.swift; sourceTree = "<group>"; };
		4125AEB121FFB79C0038B7B4 /* RootViewController.swift */ = {isa = PBXFileReference; lastKnownFileType = sourcecode.swift; path = RootViewController.swift; sourceTree = "<group>"; };
		4125AEB321FFB9170038B7B4 /* SplashViewController.swift */ = {isa = PBXFileReference; lastKnownFileType = sourcecode.swift; path = SplashViewController.swift; sourceTree = "<group>"; };
		4125AEB521FFC2290038B7B4 /* HomeView.swift */ = {isa = PBXFileReference; lastKnownFileType = sourcecode.swift; path = HomeView.swift; sourceTree = "<group>"; };
		412B7681220A31BE0036178A /* Turntable.xcdatamodel */ = {isa = PBXFileReference; lastKnownFileType = wrapper.xcdatamodel; path = Turntable.xcdatamodel; sourceTree = "<group>"; };
		4132725221EE4A2200B2E88D /* HomeController.swift */ = {isa = PBXFileReference; lastKnownFileType = sourcecode.swift; path = HomeController.swift; sourceTree = "<group>"; };
		4132725421EE7C3A00B2E88D /* HostJoinSessionController.swift */ = {isa = PBXFileReference; lastKnownFileType = sourcecode.swift; path = HostJoinSessionController.swift; sourceTree = "<group>"; };
		4132725621EE89F700B2E88D /* ReusableComponents.swift */ = {isa = PBXFileReference; lastKnownFileType = sourcecode.swift; path = ReusableComponents.swift; sourceTree = "<group>"; };
		4132725821EE8E3800B2E88D /* BaseView.swift */ = {isa = PBXFileReference; lastKnownFileType = sourcecode.swift; path = BaseView.swift; sourceTree = "<group>"; };
		4132725A21EE931A00B2E88D /* SessionSetupView.swift */ = {isa = PBXFileReference; lastKnownFileType = sourcecode.swift; path = SessionSetupView.swift; sourceTree = "<group>"; };
		4138A78821EA4AA300961448 /* PlayerData.swift */ = {isa = PBXFileReference; lastKnownFileType = sourcecode.swift; path = PlayerData.swift; sourceTree = "<group>"; };
		413E14F6221221AF00D2947B /* SearchResultCell.swift */ = {isa = PBXFileReference; lastKnownFileType = sourcecode.swift; path = SearchResultCell.swift; sourceTree = "<group>"; };
		417306002204A11000F3E45E /* Session.swift */ = {isa = PBXFileReference; lastKnownFileType = sourcecode.swift; path = Session.swift; sourceTree = "<group>"; };
		418F0A9C220375BC00A5AB71 /* ShareSessionController.swift */ = {isa = PBXFileReference; lastKnownFileType = sourcecode.swift; path = ShareSessionController.swift; sourceTree = "<group>"; };
		41942C7121E4045D00F7F136 /* TurntableTabBarController.swift */ = {isa = PBXFileReference; lastKnownFileType = sourcecode.swift; path = TurntableTabBarController.swift; sourceTree = "<group>"; };
		41942C7321E404AC00F7F136 /* SearchController.swift */ = {isa = PBXFileReference; lastKnownFileType = sourcecode.swift; path = SearchController.swift; sourceTree = "<group>"; };
		41942C7521E404D100F7F136 /* SettingsController.swift */ = {isa = PBXFileReference; lastKnownFileType = sourcecode.swift; path = SettingsController.swift; sourceTree = "<group>"; };
		41CE495D21EFC20200D6014A /* GoogleService-Info.plist */ = {isa = PBXFileReference; fileEncoding = 4; lastKnownFileType = text.plist.xml; path = "GoogleService-Info.plist"; sourceTree = "<group>"; };
		41FDE61021E540C9009BA399 /* Extensions.swift */ = {isa = PBXFileReference; lastKnownFileType = sourcecode.swift; path = Extensions.swift; sourceTree = "<group>"; };
		42676FEEF76E7EBD1AE13029 /* Pods_turntable.framework */ = {isa = PBXFileReference; explicitFileType = wrapper.framework; includeInIndex = 0; path = Pods_turntable.framework; sourceTree = BUILT_PRODUCTS_DIR; };
		538D09C4F62B8A50B69F9D31 /* Pods_turntableTests.framework */ = {isa = PBXFileReference; explicitFileType = wrapper.framework; includeInIndex = 0; path = Pods_turntableTests.framework; sourceTree = BUILT_PRODUCTS_DIR; };
		54CA5E0B7FB6B6BB9D878C04 /* Pods-turntable.release.xcconfig */ = {isa = PBXFileReference; includeInIndex = 1; lastKnownFileType = text.xcconfig; name = "Pods-turntable.release.xcconfig"; path = "Pods/Target Support Files/Pods-turntable/Pods-turntable.release.xcconfig"; sourceTree = "<group>"; };
		56DF2C6219843CDCE62CA998 /* Pods-turntableUITests.release.xcconfig */ = {isa = PBXFileReference; includeInIndex = 1; lastKnownFileType = text.xcconfig; name = "Pods-turntableUITests.release.xcconfig"; path = "Pods/Target Support Files/Pods-turntableUITests/Pods-turntableUITests.release.xcconfig"; sourceTree = "<group>"; };
		AC5EB332A6F87A4AB292F1C6 /* Pods-turntableTests.debug.xcconfig */ = {isa = PBXFileReference; includeInIndex = 1; lastKnownFileType = text.xcconfig; name = "Pods-turntableTests.debug.xcconfig"; path = "Pods/Target Support Files/Pods-turntableTests/Pods-turntableTests.debug.xcconfig"; sourceTree = "<group>"; };
		AD76B7B50D14C0534F5576B3 /* Pods-turntableUITests.debug.xcconfig */ = {isa = PBXFileReference; includeInIndex = 1; lastKnownFileType = text.xcconfig; name = "Pods-turntableUITests.debug.xcconfig"; path = "Pods/Target Support Files/Pods-turntableUITests/Pods-turntableUITests.debug.xcconfig"; sourceTree = "<group>"; };
		C246DCD4D83967255CD9F243 /* Pods-turntableTests.release.xcconfig */ = {isa = PBXFileReference; includeInIndex = 1; lastKnownFileType = text.xcconfig; name = "Pods-turntableTests.release.xcconfig"; path = "Pods/Target Support Files/Pods-turntableTests/Pods-turntableTests.release.xcconfig"; sourceTree = "<group>"; };
		EC3336A222F34DB961CD7545 /* Pods-turntable.debug.xcconfig */ = {isa = PBXFileReference; includeInIndex = 1; lastKnownFileType = text.xcconfig; name = "Pods-turntable.debug.xcconfig"; path = "Pods/Target Support Files/Pods-turntable/Pods-turntable.debug.xcconfig"; sourceTree = "<group>"; };
/* End PBXFileReference section */

/* Begin PBXFrameworksBuildPhase section */
		411CDC0721DD0C03001D64BD /* Frameworks */ = {
			isa = PBXFrameworksBuildPhase;
			buildActionMask = 2147483647;
			files = (
				76E82582EDE4C85519728DFD /* Pods_turntable.framework in Frameworks */,
			);
			runOnlyForDeploymentPostprocessing = 0;
		};
		411CDC1B21DD0C05001D64BD /* Frameworks */ = {
			isa = PBXFrameworksBuildPhase;
			buildActionMask = 2147483647;
			files = (
				A8AA7532EA64A51767C1D8A7 /* Pods_turntableTests.framework in Frameworks */,
			);
			runOnlyForDeploymentPostprocessing = 0;
		};
		411CDC2621DD0C05001D64BD /* Frameworks */ = {
			isa = PBXFrameworksBuildPhase;
			buildActionMask = 2147483647;
			files = (
				91713C83F1F593533AD741B3 /* Pods_turntableUITests.framework in Frameworks */,
			);
			runOnlyForDeploymentPostprocessing = 0;
		};
/* End PBXFrameworksBuildPhase section */

/* Begin PBXGroup section */
		4102C79821E636B500441767 /* Controller */ = {
			isa = PBXGroup;
			children = (
				4125AEB321FFB9170038B7B4 /* SplashViewController.swift */,
				4125AEB121FFB79C0038B7B4 /* RootViewController.swift */,
				4125AEB921FFC3600038B7B4 /* SetupControllers */,
				4125AEB821FFC3500038B7B4 /* MainControllers */,
			);
			path = Controller;
			sourceTree = "<group>";
		};
		4102C79921E636C600441767 /* Model */ = {
			isa = PBXGroup;
			children = (
				4102C79B21E636F900441767 /* Attendee.swift */,
				4102C7A121E6758800441767 /* Resource.swift */,
				41240E7A21E7FF080017DA6C /* QueueItem.swift */,
				4138A78821EA4AA300961448 /* PlayerData.swift */,
				4123693D220DF59C0015A733 /* DummyDataSearch.swift */,
				417306002204A11000F3E45E /* Session.swift */,
				4123693F220E36B40015A733 /* SessionQueue.swift */,
			);
			path = Model;
			sourceTree = "<group>";
		};
		4102C79A21E636CD00441767 /* View */ = {
			isa = PBXGroup;
			children = (
				4132725821EE8E3800B2E88D /* BaseView.swift */,
				4132725621EE89F700B2E88D /* ReusableComponents.swift */,
				4132725A21EE931A00B2E88D /* SessionSetupView.swift */,
				4102C79F21E6633500441767 /* PlayerMediaView.swift */,
				4102C7A321E7625E00441767 /* QueueItemCell.swift */,
				41240E7E21E8EF150017DA6C /* SearchBarView.swift */,
				41240E8021EA22A00017DA6C /* SectionHeaderFooterCell.swift */,
				4125AEB521FFC2290038B7B4 /* HomeView.swift */,
				413E14F6221221AF00D2947B /* SearchResultCell.swift */,
			);
			path = View;
			sourceTree = "<group>";
		};
		411CDC0121DD0C03001D64BD = {
			isa = PBXGroup;
			children = (
				411CDC0C21DD0C03001D64BD /* turntable */,
				411CDC2C21DD0C05001D64BD /* turntableUITests */,
				411CDC0B21DD0C03001D64BD /* Products */,
				4F0346D02C5A755A5912E707 /* Pods */,
				A023AC2D07B1C4887AE2F4C5 /* Frameworks */,
			);
			sourceTree = "<group>";
		};
		411CDC0B21DD0C03001D64BD /* Products */ = {
			isa = PBXGroup;
			children = (
				411CDC0A21DD0C03001D64BD /* turntable.app */,
				411CDC1E21DD0C05001D64BD /* turntableTests.xctest */,
				411CDC2921DD0C05001D64BD /* turntableUITests.xctest */,
			);
			name = Products;
			sourceTree = "<group>";
		};
		411CDC0C21DD0C03001D64BD /* turntable */ = {
			isa = PBXGroup;
			children = (
				411CDC0D21DD0C03001D64BD /* AppDelegate.swift */,
				4102C79A21E636CD00441767 /* View */,
				4102C79921E636C600441767 /* Model */,
				4102C79821E636B500441767 /* Controller */,
				41FDE60F21E540B7009BA399 /* Helpers */,
				41240E8A21EA29C10017DA6C /* Fonts */,
				411CDC1421DD0C05001D64BD /* Assets.xcassets */,
				412B7682220A31BE0036178A /* turntable.xcdatamodeld */,
				411CDC1621DD0C05001D64BD /* LaunchScreen.storyboard */,
				411CDC1921DD0C05001D64BD /* Info.plist */,
				41CE495D21EFC20200D6014A /* GoogleService-Info.plist */,
			);
			path = turntable;
			sourceTree = "<group>";
		};
		411CDC2C21DD0C05001D64BD /* turntableUITests */ = {
			isa = PBXGroup;
			children = (
				411CDC2D21DD0C05001D64BD /* turntableUITests.swift */,
				411CDC2F21DD0C05001D64BD /* Info.plist */,
			);
			path = turntableUITests;
			sourceTree = "<group>";
		};
		41240E8A21EA29C10017DA6C /* Fonts */ = {
			isa = PBXGroup;
			children = (
				41240E8C21EA29C80017DA6C /* Poppins-Bold.ttf */,
				41240E8B21EA29C70017DA6C /* Poppins-Regular.ttf */,
			);
			path = Fonts;
			sourceTree = "<group>";
		};
		4125AEB821FFC3500038B7B4 /* MainControllers */ = {
			isa = PBXGroup;
			children = (
				41942C7121E4045D00F7F136 /* TurntableTabBarController.swift */,
				411CDC0F21DD0C03001D64BD /* PlayerController.swift */,
				41942C7321E404AC00F7F136 /* SearchController.swift */,
				41942C7521E404D100F7F136 /* SettingsController.swift */,
			);
			path = MainControllers;
			sourceTree = "<group>";
		};
		4125AEB921FFC3600038B7B4 /* SetupControllers */ = {
			isa = PBXGroup;
			children = (
				4132725221EE4A2200B2E88D /* HomeController.swift */,
				4132725421EE7C3A00B2E88D /* HostJoinSessionController.swift */,
				4125AEAF21FFA3AF0038B7B4 /* HostSessionSetupController.swift */,
				418F0A9C220375BC00A5AB71 /* ShareSessionController.swift */,
			);
			path = SetupControllers;
			sourceTree = "<group>";
		};
		41FDE60F21E540B7009BA399 /* Helpers */ = {
			isa = PBXGroup;
			children = (
				41FDE61021E540C9009BA399 /* Extensions.swift */,
			);
			path = Helpers;
			sourceTree = "<group>";
		};
		4F0346D02C5A755A5912E707 /* Pods */ = {
			isa = PBXGroup;
			children = (
				EC3336A222F34DB961CD7545 /* Pods-turntable.debug.xcconfig */,
				54CA5E0B7FB6B6BB9D878C04 /* Pods-turntable.release.xcconfig */,
				AC5EB332A6F87A4AB292F1C6 /* Pods-turntableTests.debug.xcconfig */,
				C246DCD4D83967255CD9F243 /* Pods-turntableTests.release.xcconfig */,
				AD76B7B50D14C0534F5576B3 /* Pods-turntableUITests.debug.xcconfig */,
				56DF2C6219843CDCE62CA998 /* Pods-turntableUITests.release.xcconfig */,
			);
			name = Pods;
			sourceTree = "<group>";
		};
		A023AC2D07B1C4887AE2F4C5 /* Frameworks */ = {
			isa = PBXGroup;
			children = (
				42676FEEF76E7EBD1AE13029 /* Pods_turntable.framework */,
				538D09C4F62B8A50B69F9D31 /* Pods_turntableTests.framework */,
				34DE7D881FA360A520779AE7 /* Pods_turntableUITests.framework */,
			);
			name = Frameworks;
			sourceTree = "<group>";
		};
/* End PBXGroup section */

/* Begin PBXNativeTarget section */
		411CDC0921DD0C03001D64BD /* turntable */ = {
			isa = PBXNativeTarget;
			buildConfigurationList = 411CDC3221DD0C05001D64BD /* Build configuration list for PBXNativeTarget "turntable" */;
			buildPhases = (
				D0FAA681F113001F6B6F9FB6 /* [CP] Check Pods Manifest.lock */,
				411CDC0621DD0C03001D64BD /* Sources */,
				411CDC0721DD0C03001D64BD /* Frameworks */,
				411CDC0821DD0C03001D64BD /* Resources */,
				09C9640680B24025CED00F62 /* [CP] Embed Pods Frameworks */,
			);
			buildRules = (
			);
			dependencies = (
			);
			name = turntable;
			productName = turntable;
			productReference = 411CDC0A21DD0C03001D64BD /* turntable.app */;
			productType = "com.apple.product-type.application";
		};
		411CDC1D21DD0C05001D64BD /* turntableTests */ = {
			isa = PBXNativeTarget;
			buildConfigurationList = 411CDC3521DD0C05001D64BD /* Build configuration list for PBXNativeTarget "turntableTests" */;
			buildPhases = (
				487D0A1F7E1EAB7E7390A55A /* [CP] Check Pods Manifest.lock */,
				411CDC1A21DD0C05001D64BD /* Sources */,
				411CDC1B21DD0C05001D64BD /* Frameworks */,
				411CDC1C21DD0C05001D64BD /* Resources */,
			);
			buildRules = (
			);
			dependencies = (
				411CDC2021DD0C05001D64BD /* PBXTargetDependency */,
			);
			name = turntableTests;
			productName = turntableTests;
			productReference = 411CDC1E21DD0C05001D64BD /* turntableTests.xctest */;
			productType = "com.apple.product-type.bundle.unit-test";
		};
		411CDC2821DD0C05001D64BD /* turntableUITests */ = {
			isa = PBXNativeTarget;
			buildConfigurationList = 411CDC3821DD0C05001D64BD /* Build configuration list for PBXNativeTarget "turntableUITests" */;
			buildPhases = (
				C0BF94E558A684BDA60222EF /* [CP] Check Pods Manifest.lock */,
				411CDC2521DD0C05001D64BD /* Sources */,
				411CDC2621DD0C05001D64BD /* Frameworks */,
				411CDC2721DD0C05001D64BD /* Resources */,
			);
			buildRules = (
			);
			dependencies = (
				411CDC2B21DD0C05001D64BD /* PBXTargetDependency */,
			);
			name = turntableUITests;
			productName = turntableUITests;
			productReference = 411CDC2921DD0C05001D64BD /* turntableUITests.xctest */;
			productType = "com.apple.product-type.bundle.ui-testing";
		};
/* End PBXNativeTarget section */

/* Begin PBXProject section */
		411CDC0221DD0C03001D64BD /* Project object */ = {
			isa = PBXProject;
			attributes = {
				LastSwiftUpdateCheck = 1010;
				LastUpgradeCheck = 1010;
				ORGANIZATIONNAME = "Mark Brown";
				TargetAttributes = {
					411CDC0921DD0C03001D64BD = {
						CreatedOnToolsVersion = 10.1;
					};
					411CDC1D21DD0C05001D64BD = {
						CreatedOnToolsVersion = 10.1;
						TestTargetID = 411CDC0921DD0C03001D64BD;
					};
					411CDC2821DD0C05001D64BD = {
						CreatedOnToolsVersion = 10.1;
						TestTargetID = 411CDC0921DD0C03001D64BD;
					};
				};
			};
			buildConfigurationList = 411CDC0521DD0C03001D64BD /* Build configuration list for PBXProject "turntable" */;
			compatibilityVersion = "Xcode 9.3";
			developmentRegion = en;
			hasScannedForEncodings = 0;
			knownRegions = (
				en,
				Base,
			);
			mainGroup = 411CDC0121DD0C03001D64BD;
			productRefGroup = 411CDC0B21DD0C03001D64BD /* Products */;
			projectDirPath = "";
			projectRoot = "";
			targets = (
				411CDC0921DD0C03001D64BD /* turntable */,
				411CDC1D21DD0C05001D64BD /* turntableTests */,
				411CDC2821DD0C05001D64BD /* turntableUITests */,
			);
		};
/* End PBXProject section */

/* Begin PBXResourcesBuildPhase section */
		411CDC0821DD0C03001D64BD /* Resources */ = {
			isa = PBXResourcesBuildPhase;
			buildActionMask = 2147483647;
			files = (
				41CE495E21EFC20200D6014A /* GoogleService-Info.plist in Resources */,
				411CDC1821DD0C05001D64BD /* LaunchScreen.storyboard in Resources */,
				41240E8D21EA2FA00017DA6C /* Poppins-Bold.ttf in Resources */,
				411CDC1521DD0C05001D64BD /* Assets.xcassets in Resources */,
				41240E8E21EA2FA40017DA6C /* Poppins-Regular.ttf in Resources */,
			);
			runOnlyForDeploymentPostprocessing = 0;
		};
		411CDC1C21DD0C05001D64BD /* Resources */ = {
			isa = PBXResourcesBuildPhase;
			buildActionMask = 2147483647;
			files = (
			);
			runOnlyForDeploymentPostprocessing = 0;
		};
		411CDC2721DD0C05001D64BD /* Resources */ = {
			isa = PBXResourcesBuildPhase;
			buildActionMask = 2147483647;
			files = (
			);
			runOnlyForDeploymentPostprocessing = 0;
		};
/* End PBXResourcesBuildPhase section */

/* Begin PBXShellScriptBuildPhase section */
		09C9640680B24025CED00F62 /* [CP] Embed Pods Frameworks */ = {
			isa = PBXShellScriptBuildPhase;
			buildActionMask = 2147483647;
			files = (
			);
			inputPaths = (
				"${SRCROOT}/Pods/Target Support Files/Pods-turntable/Pods-turntable-frameworks.sh",
				"${BUILT_PRODUCTS_DIR}/GTMSessionFetcher/GTMSessionFetcher.framework",
				"${BUILT_PRODUCTS_DIR}/GoogleToolboxForMac/GoogleToolboxForMac.framework",
				"${BUILT_PRODUCTS_DIR}/LBTAComponents/LBTAComponents.framework",
				"${BUILT_PRODUCTS_DIR}/leveldb-library/leveldb.framework",
				"${BUILT_PRODUCTS_DIR}/nanopb/nanopb.framework",
			);
			name = "[CP] Embed Pods Frameworks";
			outputPaths = (
				"${TARGET_BUILD_DIR}/${FRAMEWORKS_FOLDER_PATH}/GTMSessionFetcher.framework",
				"${TARGET_BUILD_DIR}/${FRAMEWORKS_FOLDER_PATH}/GoogleToolboxForMac.framework",
				"${TARGET_BUILD_DIR}/${FRAMEWORKS_FOLDER_PATH}/LBTAComponents.framework",
				"${TARGET_BUILD_DIR}/${FRAMEWORKS_FOLDER_PATH}/leveldb.framework",
				"${TARGET_BUILD_DIR}/${FRAMEWORKS_FOLDER_PATH}/nanopb.framework",
			);
			runOnlyForDeploymentPostprocessing = 0;
			shellPath = /bin/sh;
			shellScript = "\"${SRCROOT}/Pods/Target Support Files/Pods-turntable/Pods-turntable-frameworks.sh\"\n";
			showEnvVarsInLog = 0;
		};
		487D0A1F7E1EAB7E7390A55A /* [CP] Check Pods Manifest.lock */ = {
			isa = PBXShellScriptBuildPhase;
			buildActionMask = 2147483647;
			files = (
			);
			inputPaths = (
				"${PODS_PODFILE_DIR_PATH}/Podfile.lock",
				"${PODS_ROOT}/Manifest.lock",
			);
			name = "[CP] Check Pods Manifest.lock";
			outputPaths = (
				"$(DERIVED_FILE_DIR)/Pods-turntableTests-checkManifestLockResult.txt",
			);
			runOnlyForDeploymentPostprocessing = 0;
			shellPath = /bin/sh;
			shellScript = "diff \"${PODS_PODFILE_DIR_PATH}/Podfile.lock\" \"${PODS_ROOT}/Manifest.lock\" > /dev/null\nif [ $? != 0 ] ; then\n    # print error to STDERR\n    echo \"error: The sandbox is not in sync with the Podfile.lock. Run 'pod install' or update your CocoaPods installation.\" >&2\n    exit 1\nfi\n# This output is used by Xcode 'outputs' to avoid re-running this script phase.\necho \"SUCCESS\" > \"${SCRIPT_OUTPUT_FILE_0}\"\n";
			showEnvVarsInLog = 0;
		};
		C0BF94E558A684BDA60222EF /* [CP] Check Pods Manifest.lock */ = {
			isa = PBXShellScriptBuildPhase;
			buildActionMask = 2147483647;
			files = (
			);
			inputPaths = (
				"${PODS_PODFILE_DIR_PATH}/Podfile.lock",
				"${PODS_ROOT}/Manifest.lock",
			);
			name = "[CP] Check Pods Manifest.lock";
			outputPaths = (
				"$(DERIVED_FILE_DIR)/Pods-turntableUITests-checkManifestLockResult.txt",
			);
			runOnlyForDeploymentPostprocessing = 0;
			shellPath = /bin/sh;
			shellScript = "diff \"${PODS_PODFILE_DIR_PATH}/Podfile.lock\" \"${PODS_ROOT}/Manifest.lock\" > /dev/null\nif [ $? != 0 ] ; then\n    # print error to STDERR\n    echo \"error: The sandbox is not in sync with the Podfile.lock. Run 'pod install' or update your CocoaPods installation.\" >&2\n    exit 1\nfi\n# This output is used by Xcode 'outputs' to avoid re-running this script phase.\necho \"SUCCESS\" > \"${SCRIPT_OUTPUT_FILE_0}\"\n";
			showEnvVarsInLog = 0;
		};
		D0FAA681F113001F6B6F9FB6 /* [CP] Check Pods Manifest.lock */ = {
			isa = PBXShellScriptBuildPhase;
			buildActionMask = 2147483647;
			files = (
			);
			inputPaths = (
				"${PODS_PODFILE_DIR_PATH}/Podfile.lock",
				"${PODS_ROOT}/Manifest.lock",
			);
			name = "[CP] Check Pods Manifest.lock";
			outputPaths = (
				"$(DERIVED_FILE_DIR)/Pods-turntable-checkManifestLockResult.txt",
			);
			runOnlyForDeploymentPostprocessing = 0;
			shellPath = /bin/sh;
			shellScript = "diff \"${PODS_PODFILE_DIR_PATH}/Podfile.lock\" \"${PODS_ROOT}/Manifest.lock\" > /dev/null\nif [ $? != 0 ] ; then\n    # print error to STDERR\n    echo \"error: The sandbox is not in sync with the Podfile.lock. Run 'pod install' or update your CocoaPods installation.\" >&2\n    exit 1\nfi\n# This output is used by Xcode 'outputs' to avoid re-running this script phase.\necho \"SUCCESS\" > \"${SCRIPT_OUTPUT_FILE_0}\"\n";
			showEnvVarsInLog = 0;
		};
/* End PBXShellScriptBuildPhase section */

/* Begin PBXSourcesBuildPhase section */
		411CDC0621DD0C03001D64BD /* Sources */ = {
			isa = PBXSourcesBuildPhase;
			buildActionMask = 2147483647;
			files = (
				418F0A9D220375BC00A5AB71 /* ShareSessionController.swift in Sources */,
				4138A78921EA4AA300961448 /* PlayerData.swift in Sources */,
				411CDC1021DD0C03001D64BD /* PlayerController.swift in Sources */,
				41942C7621E404D100F7F136 /* SettingsController.swift in Sources */,
				4125AEB621FFC2290038B7B4 /* HomeView.swift in Sources */,
				41FDE61121E540C9009BA399 /* Extensions.swift in Sources */,
				4102C7A221E6758800441767 /* Resource.swift in Sources */,
				4102C7A021E6633500441767 /* PlayerMediaView.swift in Sources */,
				41942C7221E4045D00F7F136 /* TurntableTabBarController.swift in Sources */,
				41240E8121EA22A00017DA6C /* SectionHeaderFooterCell.swift in Sources */,
				4132725321EE4A2200B2E88D /* HomeController.swift in Sources */,
				4102C7A421E7625E00441767 /* QueueItemCell.swift in Sources */,
				4123693E220DF59C0015A733 /* DummyDataSearch.swift in Sources */,
				41236940220E36B40015A733 /* SessionQueue.swift in Sources */,
				413E14F7221221AF00D2947B /* SearchResultCell.swift in Sources */,
				411CDC0E21DD0C03001D64BD /* AppDelegate.swift in Sources */,
				4125AEB221FFB79C0038B7B4 /* RootViewController.swift in Sources */,
				4132725721EE89F700B2E88D /* ReusableComponents.swift in Sources */,
				4102C79C21E636F900441767 /* Attendee.swift in Sources */,
				4125AEB421FFB9170038B7B4 /* SplashViewController.swift in Sources */,
				4132725B21EE931A00B2E88D /* SessionSetupView.swift in Sources */,
				41240E7F21E8EF150017DA6C /* SearchBarView.swift in Sources */,
				41240E7B21E7FF080017DA6C /* QueueItem.swift in Sources */,
				417306012204A11000F3E45E /* Session.swift in Sources */,
				4125AEB021FFA3AF0038B7B4 /* HostSessionSetupController.swift in Sources */,
				4132725921EE8E3800B2E88D /* BaseView.swift in Sources */,
				41942C7421E404AC00F7F136 /* SearchController.swift in Sources */,
				4132725521EE7C3A00B2E88D /* HostJoinSessionController.swift in Sources */,
			);
			runOnlyForDeploymentPostprocessing = 0;
		};
		411CDC1A21DD0C05001D64BD /* Sources */ = {
			isa = PBXSourcesBuildPhase;
			buildActionMask = 2147483647;
			files = (
			);
			runOnlyForDeploymentPostprocessing = 0;
		};
		411CDC2521DD0C05001D64BD /* Sources */ = {
			isa = PBXSourcesBuildPhase;
			buildActionMask = 2147483647;
			files = (
				411CDC2E21DD0C05001D64BD /* turntableUITests.swift in Sources */,
			);
			runOnlyForDeploymentPostprocessing = 0;
		};
/* End PBXSourcesBuildPhase section */

/* Begin PBXTargetDependency section */
		411CDC2021DD0C05001D64BD /* PBXTargetDependency */ = {
			isa = PBXTargetDependency;
			target = 411CDC0921DD0C03001D64BD /* turntable */;
			targetProxy = 411CDC1F21DD0C05001D64BD /* PBXContainerItemProxy */;
		};
		411CDC2B21DD0C05001D64BD /* PBXTargetDependency */ = {
			isa = PBXTargetDependency;
			target = 411CDC0921DD0C03001D64BD /* turntable */;
			targetProxy = 411CDC2A21DD0C05001D64BD /* PBXContainerItemProxy */;
		};
/* End PBXTargetDependency section */

/* Begin PBXVariantGroup section */
		411CDC1621DD0C05001D64BD /* LaunchScreen.storyboard */ = {
			isa = PBXVariantGroup;
			children = (
				411CDC1721DD0C05001D64BD /* Base */,
			);
			name = LaunchScreen.storyboard;
			sourceTree = "<group>";
		};
/* End PBXVariantGroup section */

/* Begin XCBuildConfiguration section */
		411CDC3021DD0C05001D64BD /* Debug */ = {
			isa = XCBuildConfiguration;
			buildSettings = {
				ALWAYS_SEARCH_USER_PATHS = NO;
				CLANG_ANALYZER_NONNULL = YES;
				CLANG_ANALYZER_NUMBER_OBJECT_CONVERSION = YES_AGGRESSIVE;
				CLANG_CXX_LANGUAGE_STANDARD = "gnu++14";
				CLANG_CXX_LIBRARY = "libc++";
				CLANG_ENABLE_MODULES = YES;
				CLANG_ENABLE_OBJC_ARC = YES;
				CLANG_ENABLE_OBJC_WEAK = YES;
				CLANG_WARN_BLOCK_CAPTURE_AUTORELEASING = YES;
				CLANG_WARN_BOOL_CONVERSION = YES;
				CLANG_WARN_COMMA = YES;
				CLANG_WARN_CONSTANT_CONVERSION = YES;
				CLANG_WARN_DEPRECATED_OBJC_IMPLEMENTATIONS = YES;
				CLANG_WARN_DIRECT_OBJC_ISA_USAGE = YES_ERROR;
				CLANG_WARN_DOCUMENTATION_COMMENTS = YES;
				CLANG_WARN_EMPTY_BODY = YES;
				CLANG_WARN_ENUM_CONVERSION = YES;
				CLANG_WARN_INFINITE_RECURSION = YES;
				CLANG_WARN_INT_CONVERSION = YES;
				CLANG_WARN_NON_LITERAL_NULL_CONVERSION = YES;
				CLANG_WARN_OBJC_IMPLICIT_RETAIN_SELF = YES;
				CLANG_WARN_OBJC_LITERAL_CONVERSION = YES;
				CLANG_WARN_OBJC_ROOT_CLASS = YES_ERROR;
				CLANG_WARN_RANGE_LOOP_ANALYSIS = YES;
				CLANG_WARN_STRICT_PROTOTYPES = YES;
				CLANG_WARN_SUSPICIOUS_MOVE = YES;
				CLANG_WARN_UNGUARDED_AVAILABILITY = YES_AGGRESSIVE;
				CLANG_WARN_UNREACHABLE_CODE = YES;
				CLANG_WARN__DUPLICATE_METHOD_MATCH = YES;
				CODE_SIGN_IDENTITY = "iPhone Developer";
				COPY_PHASE_STRIP = NO;
				DEBUG_INFORMATION_FORMAT = dwarf;
				ENABLE_STRICT_OBJC_MSGSEND = YES;
				ENABLE_TESTABILITY = YES;
				GCC_C_LANGUAGE_STANDARD = gnu11;
				GCC_DYNAMIC_NO_PIC = NO;
				GCC_NO_COMMON_BLOCKS = YES;
				GCC_OPTIMIZATION_LEVEL = 0;
				GCC_PREPROCESSOR_DEFINITIONS = (
					"DEBUG=1",
					"$(inherited)",
				);
				GCC_WARN_64_TO_32_BIT_CONVERSION = YES;
				GCC_WARN_ABOUT_RETURN_TYPE = YES_ERROR;
				GCC_WARN_UNDECLARED_SELECTOR = YES;
				GCC_WARN_UNINITIALIZED_AUTOS = YES_AGGRESSIVE;
				GCC_WARN_UNUSED_FUNCTION = YES;
				GCC_WARN_UNUSED_VARIABLE = YES;
				IPHONEOS_DEPLOYMENT_TARGET = 12.1;
				MTL_ENABLE_DEBUG_INFO = INCLUDE_SOURCE;
				MTL_FAST_MATH = YES;
				ONLY_ACTIVE_ARCH = YES;
				SDKROOT = iphoneos;
				SWIFT_ACTIVE_COMPILATION_CONDITIONS = DEBUG;
				SWIFT_OPTIMIZATION_LEVEL = "-Onone";
			};
			name = Debug;
		};
		411CDC3121DD0C05001D64BD /* Release */ = {
			isa = XCBuildConfiguration;
			buildSettings = {
				ALWAYS_SEARCH_USER_PATHS = NO;
				CLANG_ANALYZER_NONNULL = YES;
				CLANG_ANALYZER_NUMBER_OBJECT_CONVERSION = YES_AGGRESSIVE;
				CLANG_CXX_LANGUAGE_STANDARD = "gnu++14";
				CLANG_CXX_LIBRARY = "libc++";
				CLANG_ENABLE_MODULES = YES;
				CLANG_ENABLE_OBJC_ARC = YES;
				CLANG_ENABLE_OBJC_WEAK = YES;
				CLANG_WARN_BLOCK_CAPTURE_AUTORELEASING = YES;
				CLANG_WARN_BOOL_CONVERSION = YES;
				CLANG_WARN_COMMA = YES;
				CLANG_WARN_CONSTANT_CONVERSION = YES;
				CLANG_WARN_DEPRECATED_OBJC_IMPLEMENTATIONS = YES;
				CLANG_WARN_DIRECT_OBJC_ISA_USAGE = YES_ERROR;
				CLANG_WARN_DOCUMENTATION_COMMENTS = YES;
				CLANG_WARN_EMPTY_BODY = YES;
				CLANG_WARN_ENUM_CONVERSION = YES;
				CLANG_WARN_INFINITE_RECURSION = YES;
				CLANG_WARN_INT_CONVERSION = YES;
				CLANG_WARN_NON_LITERAL_NULL_CONVERSION = YES;
				CLANG_WARN_OBJC_IMPLICIT_RETAIN_SELF = YES;
				CLANG_WARN_OBJC_LITERAL_CONVERSION = YES;
				CLANG_WARN_OBJC_ROOT_CLASS = YES_ERROR;
				CLANG_WARN_RANGE_LOOP_ANALYSIS = YES;
				CLANG_WARN_STRICT_PROTOTYPES = YES;
				CLANG_WARN_SUSPICIOUS_MOVE = YES;
				CLANG_WARN_UNGUARDED_AVAILABILITY = YES_AGGRESSIVE;
				CLANG_WARN_UNREACHABLE_CODE = YES;
				CLANG_WARN__DUPLICATE_METHOD_MATCH = YES;
				CODE_SIGN_IDENTITY = "iPhone Developer";
				COPY_PHASE_STRIP = NO;
				DEBUG_INFORMATION_FORMAT = "dwarf-with-dsym";
				ENABLE_NS_ASSERTIONS = NO;
				ENABLE_STRICT_OBJC_MSGSEND = YES;
				GCC_C_LANGUAGE_STANDARD = gnu11;
				GCC_NO_COMMON_BLOCKS = YES;
				GCC_WARN_64_TO_32_BIT_CONVERSION = YES;
				GCC_WARN_ABOUT_RETURN_TYPE = YES_ERROR;
				GCC_WARN_UNDECLARED_SELECTOR = YES;
				GCC_WARN_UNINITIALIZED_AUTOS = YES_AGGRESSIVE;
				GCC_WARN_UNUSED_FUNCTION = YES;
				GCC_WARN_UNUSED_VARIABLE = YES;
				IPHONEOS_DEPLOYMENT_TARGET = 12.1;
				MTL_ENABLE_DEBUG_INFO = NO;
				MTL_FAST_MATH = YES;
				SDKROOT = iphoneos;
				SWIFT_COMPILATION_MODE = wholemodule;
				SWIFT_OPTIMIZATION_LEVEL = "-O";
				VALIDATE_PRODUCT = YES;
			};
			name = Release;
		};
		411CDC3321DD0C05001D64BD /* Debug */ = {
			isa = XCBuildConfiguration;
			baseConfigurationReference = EC3336A222F34DB961CD7545 /* Pods-turntable.debug.xcconfig */;
			buildSettings = {
				ALWAYS_EMBED_SWIFT_STANDARD_LIBRARIES = YES;
				ASSETCATALOG_COMPILER_APPICON_NAME = AppIcon;
				CODE_SIGN_IDENTITY = "iPhone Developer";
				CODE_SIGN_STYLE = Automatic;
				DEVELOPMENT_TEAM = GWM5C54AJF;
				INFOPLIST_FILE = turntable/Info.plist;
				IPHONEOS_DEPLOYMENT_TARGET = 11.1;
				LD_RUNPATH_SEARCH_PATHS = (
					"$(inherited)",
					"@executable_path/Frameworks",
				);
				PRODUCT_BUNDLE_IDENTIFIER = markbrown.turntable;
				PRODUCT_NAME = "$(TARGET_NAME)";
				PROVISIONING_PROFILE_SPECIFIER = "";
				SWIFT_VERSION = 4.2;
				TARGETED_DEVICE_FAMILY = 1;
			};
			name = Debug;
		};
		411CDC3421DD0C05001D64BD /* Release */ = {
			isa = XCBuildConfiguration;
			baseConfigurationReference = 54CA5E0B7FB6B6BB9D878C04 /* Pods-turntable.release.xcconfig */;
			buildSettings = {
				ALWAYS_EMBED_SWIFT_STANDARD_LIBRARIES = YES;
				ASSETCATALOG_COMPILER_APPICON_NAME = AppIcon;
				CODE_SIGN_IDENTITY = "iPhone Developer";
				CODE_SIGN_STYLE = Automatic;
				DEVELOPMENT_TEAM = GWM5C54AJF;
				INFOPLIST_FILE = turntable/Info.plist;
				IPHONEOS_DEPLOYMENT_TARGET = 11.1;
				LD_RUNPATH_SEARCH_PATHS = (
					"$(inherited)",
					"@executable_path/Frameworks",
				);
				PRODUCT_BUNDLE_IDENTIFIER = markbrown.turntable;
				PRODUCT_NAME = "$(TARGET_NAME)";
				PROVISIONING_PROFILE_SPECIFIER = "";
				SWIFT_VERSION = 4.2;
				TARGETED_DEVICE_FAMILY = 1;
			};
			name = Release;
		};
		411CDC3621DD0C05001D64BD /* Debug */ = {
			isa = XCBuildConfiguration;
			baseConfigurationReference = AC5EB332A6F87A4AB292F1C6 /* Pods-turntableTests.debug.xcconfig */;
			buildSettings = {
				ALWAYS_EMBED_SWIFT_STANDARD_LIBRARIES = YES;
				BUNDLE_LOADER = "$(TEST_HOST)";
				CODE_SIGN_STYLE = Automatic;
				DEVELOPMENT_TEAM = GWM5C54AJF;
				INFOPLIST_FILE = turntableTests/Info.plist;
				LD_RUNPATH_SEARCH_PATHS = (
					"$(inherited)",
					"@executable_path/Frameworks",
					"@loader_path/Frameworks",
				);
				PRODUCT_BUNDLE_IDENTIFIER = markbrown.turntableTests;
				PRODUCT_NAME = "$(TARGET_NAME)";
				SWIFT_VERSION = 4.2;
				TARGETED_DEVICE_FAMILY = "1,2";
				TEST_HOST = "$(BUILT_PRODUCTS_DIR)/turntable.app/turntable";
			};
			name = Debug;
		};
		411CDC3721DD0C05001D64BD /* Release */ = {
			isa = XCBuildConfiguration;
			baseConfigurationReference = C246DCD4D83967255CD9F243 /* Pods-turntableTests.release.xcconfig */;
			buildSettings = {
				ALWAYS_EMBED_SWIFT_STANDARD_LIBRARIES = YES;
				BUNDLE_LOADER = "$(TEST_HOST)";
				CODE_SIGN_STYLE = Automatic;
				DEVELOPMENT_TEAM = GWM5C54AJF;
				INFOPLIST_FILE = turntableTests/Info.plist;
				LD_RUNPATH_SEARCH_PATHS = (
					"$(inherited)",
					"@executable_path/Frameworks",
					"@loader_path/Frameworks",
				);
				PRODUCT_BUNDLE_IDENTIFIER = markbrown.turntableTests;
				PRODUCT_NAME = "$(TARGET_NAME)";
				SWIFT_VERSION = 4.2;
				TARGETED_DEVICE_FAMILY = "1,2";
				TEST_HOST = "$(BUILT_PRODUCTS_DIR)/turntable.app/turntable";
			};
			name = Release;
		};
		411CDC3921DD0C05001D64BD /* Debug */ = {
			isa = XCBuildConfiguration;
			baseConfigurationReference = AD76B7B50D14C0534F5576B3 /* Pods-turntableUITests.debug.xcconfig */;
			buildSettings = {
				ALWAYS_EMBED_SWIFT_STANDARD_LIBRARIES = YES;
				CODE_SIGN_STYLE = Automatic;
				DEVELOPMENT_TEAM = GWM5C54AJF;
				INFOPLIST_FILE = turntableUITests/Info.plist;
				LD_RUNPATH_SEARCH_PATHS = (
					"$(inherited)",
					"@executable_path/Frameworks",
					"@loader_path/Frameworks",
				);
				PRODUCT_BUNDLE_IDENTIFIER = markbrown.turntableUITests;
				PRODUCT_NAME = "$(TARGET_NAME)";
				SWIFT_VERSION = 4.2;
				TARGETED_DEVICE_FAMILY = "1,2";
				TEST_TARGET_NAME = turntable;
			};
			name = Debug;
		};
		411CDC3A21DD0C05001D64BD /* Release */ = {
			isa = XCBuildConfiguration;
			baseConfigurationReference = 56DF2C6219843CDCE62CA998 /* Pods-turntableUITests.release.xcconfig */;
			buildSettings = {
				ALWAYS_EMBED_SWIFT_STANDARD_LIBRARIES = YES;
				CODE_SIGN_STYLE = Automatic;
				DEVELOPMENT_TEAM = GWM5C54AJF;
				INFOPLIST_FILE = turntableUITests/Info.plist;
				LD_RUNPATH_SEARCH_PATHS = (
					"$(inherited)",
					"@executable_path/Frameworks",
					"@loader_path/Frameworks",
				);
				PRODUCT_BUNDLE_IDENTIFIER = markbrown.turntableUITests;
				PRODUCT_NAME = "$(TARGET_NAME)";
				SWIFT_VERSION = 4.2;
				TARGETED_DEVICE_FAMILY = "1,2";
				TEST_TARGET_NAME = turntable;
			};
			name = Release;
		};
/* End XCBuildConfiguration section */

/* Begin XCConfigurationList section */
		411CDC0521DD0C03001D64BD /* Build configuration list for PBXProject "turntable" */ = {
			isa = XCConfigurationList;
			buildConfigurations = (
				411CDC3021DD0C05001D64BD /* Debug */,
				411CDC3121DD0C05001D64BD /* Release */,
			);
			defaultConfigurationIsVisible = 0;
			defaultConfigurationName = Release;
		};
		411CDC3221DD0C05001D64BD /* Build configuration list for PBXNativeTarget "turntable" */ = {
			isa = XCConfigurationList;
			buildConfigurations = (
				411CDC3321DD0C05001D64BD /* Debug */,
				411CDC3421DD0C05001D64BD /* Release */,
			);
			defaultConfigurationIsVisible = 0;
			defaultConfigurationName = Release;
		};
		411CDC3521DD0C05001D64BD /* Build configuration list for PBXNativeTarget "turntableTests" */ = {
			isa = XCConfigurationList;
			buildConfigurations = (
				411CDC3621DD0C05001D64BD /* Debug */,
				411CDC3721DD0C05001D64BD /* Release */,
			);
			defaultConfigurationIsVisible = 0;
			defaultConfigurationName = Release;
		};
		411CDC3821DD0C05001D64BD /* Build configuration list for PBXNativeTarget "turntableUITests" */ = {
			isa = XCConfigurationList;
			buildConfigurations = (
				411CDC3921DD0C05001D64BD /* Debug */,
				411CDC3A21DD0C05001D64BD /* Release */,
			);
			defaultConfigurationIsVisible = 0;
			defaultConfigurationName = Release;
		};
/* End XCConfigurationList section */

/* Begin XCVersionGroup section */
		412B7682220A31BE0036178A /* turntable.xcdatamodeld */ = {
			isa = XCVersionGroup;
			children = (
				412B7681220A31BE0036178A /* Turntable.xcdatamodel */,
			);
			currentVersion = 412B7681220A31BE0036178A /* Turntable.xcdatamodel */;
			path = turntable.xcdatamodeld;
			sourceTree = "<group>";
		};
/* End XCVersionGroup section */
	};
	rootObject = 411CDC0221DD0C03001D64BD /* Project object */;
}
